# This file is generated by running "yarn install" inside your project.
# Manual changes might be lost - proceed with caution!

__metadata:
  version: 5
  cacheKey: 8

"@types/dom-mediacapture-record@npm:^1.0.11":
  version: 1.0.11
  resolution: "@types/dom-mediacapture-record@npm:1.0.11"
  checksum: b2660de6fdaf21d854f148437b1be3c49bab989b7425a65d433afefa64cd5b263608d78e88140674fab8410c6278b705bdc8c78e5f1c851f8a29e55eb79fec4a
  languageName: node
  linkType: hard

"@webaudiomodules/api@webaudiomodules/api#commit=3ca912e8e08e66917eba22c330e85554932de494":
  version: 2.0.0-alpha.3
  resolution: "@webaudiomodules/api@https://github.com/webaudiomodules/api.git#commit=3ca912e8e08e66917eba22c330e85554932de494"
  checksum: ec1cba804bc764cf2403889c52805aa3ad81403e9c66866a2a478cc71b4cdf1198c22630c536dbe1225697c7e589772aac5a56c05fdada45003ee237818ab491
  languageName: node
  linkType: hard

"@webaudiomodules/sdk-parammgr@webaudiomodules/sdk-parammgr#commit=6eb3bc85fc30144502043f456f47268a62d3db5a":
  version: 0.0.6
  resolution: "@webaudiomodules/sdk-parammgr@https://github.com/webaudiomodules/sdk-parammgr.git#commit=6eb3bc85fc30144502043f456f47268a62d3db5a"
  checksum: 8e3af59430baca3982a206356f9a59e43ae6a1ea2f1a018df438a7dfd699c3fa008f6762f3b7591aec42c4a572f3462c2e21d6bf6c33ff4e8590d870c814d347
  languageName: node
  linkType: hard

"@webaudiomodules/sdk@webaudiomodules/sdk#commit=810ba256f58385c0d50c16e36c82c7818bd01ead":
  version: 0.0.6
  resolution: "@webaudiomodules/sdk@https://github.com/webaudiomodules/sdk.git#commit=810ba256f58385c0d50c16e36c82c7818bd01ead"
  checksum: d26bf7fd371df29d91894214a36d7a70c17ce57beba7f047657611f31afbf29a66bb412825259333e35787af29dfc44d61adc3b287ea596406f11307e2aa29db
  languageName: node
  linkType: hard

"burns-audio-wam@workspace:.":
  version: 0.0.0-use.local
  resolution: "burns-audio-wam@workspace:."
  dependencies:
    "@types/dom-mediacapture-record": ^1.0.11
    "@webaudiomodules/api": "webaudiomodules/api#commit=3ca912e8e08e66917eba22c330e85554932de494"
    "@webaudiomodules/sdk": "webaudiomodules/sdk#commit=810ba256f58385c0d50c16e36c82c7818bd01ead"
    "@webaudiomodules/sdk-parammgr": "webaudiomodules/sdk-parammgr#commit=6eb3bc85fc30144502043f456f47268a62d3db5a"
    lib0: ^0.2.47
    monaco-editor: ^0.25.2
    preact: ^10.5.5
    wam-extensions: "boourns/wam-extensions#commit=f3566f5d2acea4924bbc8a0ce5e013ce859bbb7b"
  languageName: unknown
  linkType: soft

"isomorphic.js@npm:^0.2.4":
  version: 0.2.4
  resolution: "isomorphic.js@npm:0.2.4"
  checksum: 7adb91495de1ff0af9a524cb7ffccde7984ea7c547f3b9fe387b51a2be6c3f607a086d253224a985cf55a28e41d57f5cb22e285543e95ab97e7ba36783f2cd81
  languageName: node
  linkType: hard

"lib0@npm:^0.2.47":
  version: 0.2.47
  resolution: "lib0@npm:0.2.47"
  dependencies:
    isomorphic.js: ^0.2.4
  checksum: 0d0a0126716345d24421d5899070a32d552c375bc82acc9cf69b382f892f44329ef5bd042dcf3131dae2676a7e0bb179c43a80202722c744b1a9e0beeb58b5d5
  languageName: node
  linkType: hard

"monaco-editor@npm:^0.25.2":
  version: 0.25.2
  resolution: "monaco-editor@npm:0.25.2"
  checksum: 27a581f147984d3fca1f2d036a81a4265fe3f8fa65fcfa5d92f67473177ae87ff9e08891260d54efe765a2b534eece1f1d5f1751992f4e80bfb795f40abe6c27
  languageName: node
  linkType: hard

"preact@npm:^10.5.5":
  version: 10.5.14
  resolution: "preact@npm:10.5.14"
  checksum: d936f83a2afad13aa5870812d7fa8fec111d4a1bb6b0bea6485f2656a062bcc01717398d8184c4bc589cba455f3b2def8e43ba23db846b208d9823e3804658ad
  languageName: node
  linkType: hard

"wam-extensions@boourns/wam-extensions#commit=f3566f5d2acea4924bbc8a0ce5e013ce859bbb7b":
  version: 0.2.2
  resolution: "wam-extensions@https://github.com/boourns/wam-extensions.git#commit=f3566f5d2acea4924bbc8a0ce5e013ce859bbb7b"
  peerDependencies:
    "@webaudiomodules/api": "*"
  checksum: 9b1ca3a2578d60dd7776a97843cb71e9b0031e2b99dbafbabfc796c43db636a673e37fcad47c216772090c92c18515cd24f8c163de3771db938c038a888d6ffe
  languageName: node
  linkType: hard
