# This file is generated by running "yarn install" inside your project.
# Manual changes might be lost - proceed with caution!

__metadata:
  version: 4
  cacheKey: 7

"burns-audio-wam@workspace:.":
  version: 0.0.0-use.local
  resolution: "burns-audio-wam@workspace:."
  dependencies:
    preact: ^10.5.5
    sdk: "boourns/webaudiomodule#workspace=sdk"
  languageName: unknown
  linkType: soft

"preact@npm:^10.5.5":
  version: 10.5.14
  resolution: "preact@npm:10.5.14"
  checksum: 1cb6f0eecd0f1de15621efae40f86790dac5a5eb68ca2a02790685c234055fc6efe60def719a0a90b747ed35b1b5099fc7a3e33cf0d4972bf9b1e3895cf02efa
  languageName: node
  linkType: hard

"sdk@boourns/webaudiomodule#workspace=sdk":
  version: 0.0.1
  resolution: "sdk@https://github.com/boourns/webaudiomodule.git#workspace=sdk&commit=ebc2ee1297c395a2afc73259ec1918d066290507"
  checksum: 059c0b3f541fac9f5a0d023179a76dc932eac26f1cd9908990e6a8917267e005c0570131f2b7862b4035c5746bc20fcec80046744695c047fd4fa56af48e5da2
  languageName: node
  linkType: hard
