# This file is generated by running "yarn install" inside your project.
# Manual changes might be lost - proceed with caution!

__metadata:
  version: 4
  cacheKey: 7

"burns-audio-wam@workspace:.":
  version: 0.0.0-use.local
  resolution: "burns-audio-wam@workspace:."
  dependencies:
    preact: ^10.5.5
    sdk: "boourns/webaudiomodule#workspace=sdk&commit=48a7d6f7025975871b2e2f82e3ae0d86559717fd"
  languageName: unknown
  linkType: soft

"preact@npm:^10.5.5":
  version: 10.5.14
  resolution: "preact@npm:10.5.14"
  checksum: 1cb6f0eecd0f1de15621efae40f86790dac5a5eb68ca2a02790685c234055fc6efe60def719a0a90b747ed35b1b5099fc7a3e33cf0d4972bf9b1e3895cf02efa
  languageName: node
  linkType: hard

"sdk@boourns/webaudiomodule#workspace=sdk&commit=48a7d6f7025975871b2e2f82e3ae0d86559717fd":
  version: 0.0.1
  resolution: "sdk@https://github.com/boourns/webaudiomodule.git#workspace=sdk&commit=48a7d6f7025975871b2e2f82e3ae0d86559717fd"
  checksum: 4eb90f5ee66192076ee192d0304046bb2ba27a4835da999a1aae895b4bdaa97a69348ad8e6a6b334e7fe8ac27665d76b7386be4becac12a3031277187eadab11
  languageName: node
  linkType: hard
